
Microsoft Visual Studio Solution File, Format Version 12.00
# Visual Studio Version 17
VisualStudioVersion = 17.5.33530.505
MinimumVisualStudioVersion = 10.0.40219.1
Project("{FAE04EC0-301F-11D3-BF4B-00C04F79EFBC}") = "WpfApp1", "WpfApp1\WpfApp1.csproj", "{813D87F6-3657-4841-A9EE-742C9CD437E7}"
EndProject
Global
	GlobalSection(SolutionConfigurationPlatforms) = preSolution
		Debug|Any CPU = Debug|Any CPU
		Release|Any CPU = Release|Any CPU
	EndGlobalSection
	GlobalSection(ProjectConfigurationPlatforms) = postSolution
		{813D87F6-3657-4841-A9EE-742C9CD437E7}.Debug|Any CPU.ActiveCfg = Debug|Any CPU
		{813D87F6-3657-4841-A9EE-742C9CD437E7}.Debug|Any CPU.Build.0 = Debug|Any CPU
		{813D87F6-3657-4841-A9EE-742C9CD437E7}.Release|Any CPU.ActiveCfg = Release|Any CPU
		{813D87F6-3657-4841-A9EE-742C9CD437E7}.Release|Any CPU.Build.0 = Release|Any CPU
	EndGlobalSection
	GlobalSection(SolutionProperties) = preSolution
		HideSolutionNode = FALSE
	EndGlobalSection
	GlobalSection(ExtensibilityGlobals) = postSolution
		SolutionGuid = {375FCC9E-4CC2-4B61-AEA9-C12675286943}
	EndGlobalSection
EndGlobal
